
Microsoft Visual Studio Solution File, Format Version 12.00
# Visual Studio Version 17
VisualStudioVersion = 17.10.35027.167
MinimumVisualStudioVersion = 10.0.40219.1
Project("{FAE04EC0-301F-11D3-BF4B-00C04F79EFBC}") = "Studentai", "Studentai.csproj", "{A0D80849-1BE4-4FF0-9403-A5B5F840CB71}"
EndProject
Global
	GlobalSection(SolutionConfigurationPlatforms) = preSolution
		Debug|Any CPU = Debug|Any CPU
		Release|Any CPU = Release|Any CPU
	EndGlobalSection
	GlobalSection(ProjectConfigurationPlatforms) = postSolution
		{A0D80849-1BE4-4FF0-9403-A5B5F840CB71}.Debug|Any CPU.ActiveCfg = Debug|Any CPU
		{A0D80849-1BE4-4FF0-9403-A5B5F840CB71}.Debug|Any CPU.Build.0 = Debug|Any CPU
		{A0D80849-1BE4-4FF0-9403-A5B5F840CB71}.Release|Any CPU.ActiveCfg = Release|Any CPU
		{A0D80849-1BE4-4FF0-9403-A5B5F840CB71}.Release|Any CPU.Build.0 = Release|Any CPU
	EndGlobalSection
	GlobalSection(SolutionProperties) = preSolution
		HideSolutionNode = FALSE
	EndGlobalSection
	GlobalSection(ExtensibilityGlobals) = postSolution
		SolutionGuid = {94BE3736-CD0A-4670-BD0E-B2C314B8AEA8}
	EndGlobalSection
EndGlobal
